{
  "name": "world-of-living-drawings",
  "version": "0.1.0",
  "lockfileVersion": 3,
  "requires": true,
  "packages": {
    "": {
      "name": "world-of-living-drawings",
      "version": "0.1.0",
      "workspaces": [
        "web/contracts",
        "web/renderer",
        "web/renderer-babylon"
      ],
      "devDependencies": {
        "@babylonjs/core": "9.28.0",
        "@babylonjs/loaders": "9.28.0",
        "ajv": "8.17.1",
        "typescript": "6.0.3"
      },
      "engines": {
        "node": "24.18.0"
      }
    },
    "node_modules/@babylonjs/core": {
      "version": "9.28.0",
      "resolved": "https://registry.npmjs.org/@babylonjs/core/-/core-9.28.0.tgz",
      "integrity": "sha512-CrmxXdCQlXK6cq3ccL9yNcrasFVmU1lkT9mDsoaFcEJXGHxfxMfVmBjObr4OS0JdWP5sbH6oTymMsw89z4bjpQ==",
      "license": "Apache-2.0"
    },
    "node_modules/@babylonjs/loaders": {
      "version": "9.28.0",
      "resolved": "https://registry.npmjs.org/@babylonjs/loaders/-/loaders-9.28.0.tgz",
      "integrity": "sha512-k7yH177d5JClZph6hjxi92l2FgBrkM6+42h6D+ss3XjdAUAO4qPer/cPIj5Wwu277AtpiiAhoa63NuBhp8Aw/A==",
      "dev": true,
      "license": "Apache-2.0",
      "peerDependencies": {
        "@babylonjs/core": "^9.0.0",
        "babylonjs-gltf2interface": "^9.0.0"
      }
    },
    "node_modules/@ldw/contracts": {
      "resolved": "web/contracts",
      "link": true
    },
    "node_modules/@ldw/renderer": {
      "resolved": "web/renderer",
      "link": true
    },
    "node_modules/@ldw/renderer-babylon": {
      "resolved": "web/renderer-babylon",
      "link": true
    },
    "node_modules/ajv": {
      "version": "8.17.1",
      "resolved": "https://registry.npmjs.org/ajv/-/ajv-8.17.1.tgz",
      "integrity": "sha512-B/gBuNg5SiMTrPkC+A2+cW0RszwxYmn6VYxB/inlBStS5nx6xHIt/ehKRhIMhqusl7a8LjQoZnjCs5vhwxOQ1g==",
      "dev": true,
      "license": "MIT",
      "dependencies": {
        "fast-deep-equal": "^3.1.3",
        "fast-uri": "^3.0.1",
        "json-schema-traverse": "^1.0.0",
        "require-from-string": "^2.0.2"
      },
      "funding": {
        "type": "github",
        "url": "https://github.com/sponsors/epoberezkin"
      }
    },
    "node_modules/babylonjs-gltf2interface": {
      "version": "9.28.0",
      "resolved": "https://registry.npmjs.org/babylonjs-gltf2interface/-/babylonjs-gltf2interface-9.28.0.tgz",
      "integrity": "sha512-cNil13HFJNCefnQ0fCX3bjSkMoNwcnohW+Iy2YEzWazwrpIhAcLqCb62XlDHs5X3YiJoEM71YjdddDeuQYmw7w==",
      "dev": true,
      "license": "Apache-2.0",
      "peer": true
    },
    "node_modules/fast-deep-equal": {
      "version": "3.1.3",
      "resolved": "https://registry.npmjs.org/fast-deep-equal/-/fast-deep-equal-3.1.3.tgz",
      "integrity": "sha512-f3qQ9oQy9j2AhBe/H9VC91wLmKBCCU/gDOnKNAYG5hswO7BLKj09Hc5HYNz9cGI++xlpDCIgDaitVs03ATR84Q==",
      "dev": true,
      "license": "MIT"
    },
    "node_modules/fast-uri": {
      "version": "3.1.8",
      "resolved": "https://registry.npmjs.org/fast-uri/-/fast-uri-3.1.8.tgz",
      "integrity": "sha512-GZMtZUTNRpOVIECoXwLNZS5xUGE+mVNbTB8h/7Rwh2TFWcBQiPzTgyZi05BF9UMZKkLJv8XBRJTlU7zg8+ZfMg==",
      "dev": true,
      "funding": [
        {
          "type": "github",
          "url": "https://github.com/sponsors/fastify"
        },
        {
          "type": "opencollective",
          "url": "https://opencollective.com/fastify"
        }
      ],
      "license": "BSD-3-Clause"
    },
    "node_modules/json-schema-traverse": {
      "version": "1.0.0",
      "resolved": "https://registry.npmjs.org/json-schema-traverse/-/json-schema-traverse-1.0.0.tgz",
      "integrity": "sha512-NM8/P9n3XjXhIZn1lLhkFaACTOURQXjWhV4BA/RnOv8xvgqtqpAX9IO4mRQxSx1Rlo4tqzeqb0sOlruaOy3dug==",
      "dev": true,
      "license": "MIT"
    },
    "node_modules/require-from-string": {
      "version": "2.0.2",
      "resolved": "https://registry.npmjs.org/require-from-string/-/require-from-string-2.0.2.tgz",
      "integrity": "sha512-Xf0nWe6RseziFMu+Ap9biiUbmplq6S9/p+7w7YXP/JBHhrUDDUhwa+vANyubuqfZWTveU//DYVGsDG7RKL/vEw==",
      "dev": true,
      "license": "MIT",
      "engines": {
        "node": ">=0.10.0"
      }
    },
    "node_modules/typescript": {
      "version": "6.0.3",
      "resolved": "https://registry.npmjs.org/typescript/-/typescript-6.0.3.tgz",
      "integrity": "sha512-y2TvuxSZPDyQakkFRPZHKFm+KKVqIisdg9/CZwm9ftvKXLP8NRWj38/ODjNbr43SsoXqNuAisEf1GdCxqWcdBw==",
      "dev": true,
      "license": "Apache-2.0",
      "bin": {
        "tsc": "bin/tsc",
        "tsserver": "bin/tsserver"
      },
      "engines": {
        "node": ">=14.17"
      }
    },
    "web/contracts": {
      "name": "@ldw/contracts",
      "version": "0.1.0"
    },
    "web/renderer": {
      "name": "@ldw/renderer",
      "version": "0.1.0",
      "dependencies": {
        "@ldw/contracts": "0.1.0"
      }
    },
    "web/renderer-babylon": {
      "name": "@ldw/renderer-babylon",
      "version": "0.1.0",
      "dependencies": {
        "@babylonjs/core": "9.28.0",
        "@ldw/contracts": "0.1.0",
        "@ldw/renderer": "0.1.0"
      }
    }
  }
}
